
Microsoft Visual Studio Solution File, Format Version 12.00
# Visual Studio Version 16
VisualStudioVersion = 16.0.29709.97
MinimumVisualStudioVersion = 10.0.40219.1
Project("{FAE04EC0-301F-11D3-BF4B-00C04F79EFBC}") = "Aura.Trellura.Domain", "Aura.Trellura.Domain\Aura.Trellura.Domain.csproj", "{ED339C9B-7DBC-47DD-9C87-0DEA4FC656E3}"
EndProject
Project("{FAE04EC0-301F-11D3-BF4B-00C04F79EFBC}") = "Aura.Trellura.Infra", "Aura.Trellura.Infra\Aura.Trellura.Infra.csproj", "{D4C56E99-1968-43CA-A0A6-38A038243EE9}"
EndProject
Project("{FAE04EC0-301F-11D3-BF4B-00C04F79EFBC}") = "Aura.Trellura.API", "Aura.Trellura.API\Aura.Trellura.API.csproj", "{C4381DEA-0D6D-4F0C-89BA-3535BFA310F9}"
EndProject
Global
	GlobalSection(SolutionConfigurationPlatforms) = preSolution
		Debug|Any CPU = Debug|Any CPU
		Release|Any CPU = Release|Any CPU
	EndGlobalSection
	GlobalSection(ProjectConfigurationPlatforms) = postSolution
		{ED339C9B-7DBC-47DD-9C87-0DEA4FC656E3}.Debug|Any CPU.ActiveCfg = Debug|Any CPU
		{ED339C9B-7DBC-47DD-9C87-0DEA4FC656E3}.Debug|Any CPU.Build.0 = Debug|Any CPU
		{ED339C9B-7DBC-47DD-9C87-0DEA4FC656E3}.Release|Any CPU.ActiveCfg = Release|Any CPU
		{ED339C9B-7DBC-47DD-9C87-0DEA4FC656E3}.Release|Any CPU.Build.0 = Release|Any CPU
		{D4C56E99-1968-43CA-A0A6-38A038243EE9}.Debug|Any CPU.ActiveCfg = Debug|Any CPU
		{D4C56E99-1968-43CA-A0A6-38A038243EE9}.Debug|Any CPU.Build.0 = Debug|Any CPU
		{D4C56E99-1968-43CA-A0A6-38A038243EE9}.Release|Any CPU.ActiveCfg = Release|Any CPU
		{D4C56E99-1968-43CA-A0A6-38A038243EE9}.Release|Any CPU.Build.0 = Release|Any CPU
		{C4381DEA-0D6D-4F0C-89BA-3535BFA310F9}.Debug|Any CPU.ActiveCfg = Debug|Any CPU
		{C4381DEA-0D6D-4F0C-89BA-3535BFA310F9}.Debug|Any CPU.Build.0 = Debug|Any CPU
		{C4381DEA-0D6D-4F0C-89BA-3535BFA310F9}.Release|Any CPU.ActiveCfg = Release|Any CPU
		{C4381DEA-0D6D-4F0C-89BA-3535BFA310F9}.Release|Any CPU.Build.0 = Release|Any CPU
	EndGlobalSection
	GlobalSection(SolutionProperties) = preSolution
		HideSolutionNode = FALSE
	EndGlobalSection
	GlobalSection(ExtensibilityGlobals) = postSolution
		SolutionGuid = {1AC10118-B84B-40FE-8D80-9AD06C2F0FA1}
	EndGlobalSection
EndGlobal
